
Microsoft Visual Studio Solution File, Format Version 12.00
# Visual Studio Version 16
VisualStudioVersion = 16.0.29503.13
MinimumVisualStudioVersion = 10.0.40219.1
Project("{8BC9CEB8-8B4A-11D0-8D11-00A0C91BC942}") = "1", "1\1.vcxproj", "{5A91F1BF-07BA-49DA-AA4F-0DDD01B6BBDD}"
EndProject
Project("{8BC9CEB8-8B4A-11D0-8D11-00A0C91BC942}") = "2", "2\2.vcxproj", "{5D1A1493-E767-4BDF-A059-470DF7528635}"
EndProject
Project("{8BC9CEB8-8B4A-11D0-8D11-00A0C91BC942}") = "3", "3\3.vcxproj", "{E2567FA0-BEE8-49D6-B27E-A1EC0CAE2F99}"
EndProject
Project("{8BC9CEB8-8B4A-11D0-8D11-00A0C91BC942}") = "5", "5\5.vcxproj", "{A26345EA-CB53-4D5E-9F71-31C44B15B4E9}"
EndProject
Project("{8BC9CEB8-8B4A-11D0-8D11-00A0C91BC942}") = "6", "6\6.vcxproj", "{13AD5127-420C-4775-B078-978FE626C909}"
EndProject
Project("{8BC9CEB8-8B4A-11D0-8D11-00A0C91BC942}") = "7", "7\7.vcxproj", "{535E081C-7A3F-4176-9A5D-25C364DD6257}"
EndProject
Project("{8BC9CEB8-8B4A-11D0-8D11-00A0C91BC942}") = "8", "8\8.vcxproj", "{D1E5D38F-4A5D-4856-93CB-C8A66A4E9583}"
EndProject
Project("{8BC9CEB8-8B4A-11D0-8D11-00A0C91BC942}") = "9", "9\9.vcxproj", "{135AE575-5A13-4868-8F37-9BF6979F9F7E}"
EndProject
Project("{8BC9CEB8-8B4A-11D0-8D11-00A0C91BC942}") = "10", "10\10.vcxproj", "{9700E8D0-0503-463E-8593-278171BDEAC3}"
EndProject
Project("{8BC9CEB8-8B4A-11D0-8D11-00A0C91BC942}") = "12", "12\12.vcxproj", "{64098E4B-4E7D-4D84-A4E7-792C5E75E90E}"
EndProject
Project("{8BC9CEB8-8B4A-11D0-8D11-00A0C91BC942}") = "13", "13\13.vcxproj", "{72572C7B-4FAB-4E1A-9AE9-2FA8EC11908C}"
EndProject
Project("{8BC9CEB8-8B4A-11D0-8D11-00A0C91BC942}") = "14", "14\14.vcxproj", "{35DA1B56-4FC6-4081-91B2-ABF63B12C69A}"
EndProject
Project("{8BC9CEB8-8B4A-11D0-8D11-00A0C91BC942}") = "15", "15\15.vcxproj", "{1285E410-8C0D-41DD-83B0-ED4709A20821}"
EndProject
Project("{8BC9CEB8-8B4A-11D0-8D11-00A0C91BC942}") = "16", "16\16.vcxproj", "{6CF61C1C-06C6-4C26-A0A0-92EDBE3A70EA}"
EndProject
Project("{8BC9CEB8-8B4A-11D0-8D11-00A0C91BC942}") = "17", "17\17.vcxproj", "{2D13A7A8-2CC8-4CE9-BD1D-F0C17E701802}"
EndProject
Project("{8BC9CEB8-8B4A-11D0-8D11-00A0C91BC942}") = "19", "19\19.vcxproj", "{3F7158A5-7D40-4C53-B847-43BA62327BD7}"
EndProject
Project("{8BC9CEB8-8B4A-11D0-8D11-00A0C91BC942}") = "22", "22\22.vcxproj", "{95320BAE-97FB-44A6-9547-3EF5976B00CF}"
EndProject
Project("{8BC9CEB8-8B4A-11D0-8D11-00A0C91BC942}") = "23", "23\23.vcxproj", "{9934292E-F1BE-41F4-87A5-492B8C3B5A10}"
EndProject
Project("{8BC9CEB8-8B4A-11D0-8D11-00A0C91BC942}") = "18", "18\18.vcxproj", "{49CE5B68-4F26-4B08-AF54-EC724F874938}"
EndProject
Project("{8BC9CEB8-8B4A-11D0-8D11-00A0C91BC942}") = "24.1", "24\24.vcxproj", "{1C88F550-0AE3-4A83-9AE7-26731B931E40}"
EndProject
Project("{8BC9CEB8-8B4A-11D0-8D11-00A0C91BC942}") = "24.2", "24.2\24.2.vcxproj", "{8A9C7996-A6B8-424C-88C8-BA24E70A87BD}"
EndProject
Project("{8BC9CEB8-8B4A-11D0-8D11-00A0C91BC942}") = "25", "25\25.vcxproj", "{D38A34D1-E698-4D2B-B6C8-F8A6C6791049}"
EndProject
Project("{8BC9CEB8-8B4A-11D0-8D11-00A0C91BC942}") = "stringextract", "stringextract\stringextract.vcxproj", "{41E3BAF4-E716-4A50-9B1C-7999D43D3B2D}"
EndProject
Project("{8BC9CEB8-8B4A-11D0-8D11-00A0C91BC942}") = "4", "4\4.vcxproj", "{022AB12F-0544-48C2-BA54-8ED42FDC1F8C}"
EndProject
Project("{8BC9CEB8-8B4A-11D0-8D11-00A0C91BC942}") = "11", "11\11.vcxproj", "{75837A04-4F4C-4EB6-91DC-2C5F0E474C16}"
EndProject
Global
	GlobalSection(SolutionConfigurationPlatforms) = preSolution
		Debug|x64 = Debug|x64
		Debug|x86 = Debug|x86
		Release|x64 = Release|x64
		Release|x86 = Release|x86
	EndGlobalSection
	GlobalSection(ProjectConfigurationPlatforms) = postSolution
		{5A91F1BF-07BA-49DA-AA4F-0DDD01B6BBDD}.Debug|x64.ActiveCfg = Debug|x64
		{5A91F1BF-07BA-49DA-AA4F-0DDD01B6BBDD}.Debug|x64.Build.0 = Debug|x64
		{5A91F1BF-07BA-49DA-AA4F-0DDD01B6BBDD}.Debug|x86.ActiveCfg = Debug|Win32
		{5A91F1BF-07BA-49DA-AA4F-0DDD01B6BBDD}.Debug|x86.Build.0 = Debug|Win32
		{5A91F1BF-07BA-49DA-AA4F-0DDD01B6BBDD}.Release|x64.ActiveCfg = Release|x64
		{5A91F1BF-07BA-49DA-AA4F-0DDD01B6BBDD}.Release|x64.Build.0 = Release|x64
		{5A91F1BF-07BA-49DA-AA4F-0DDD01B6BBDD}.Release|x86.ActiveCfg = Release|Win32
		{5A91F1BF-07BA-49DA-AA4F-0DDD01B6BBDD}.Release|x86.Build.0 = Release|Win32
		{5D1A1493-E767-4BDF-A059-470DF7528635}.Debug|x64.ActiveCfg = Debug|x64
		{5D1A1493-E767-4BDF-A059-470DF7528635}.Debug|x64.Build.0 = Debug|x64
		{5D1A1493-E767-4BDF-A059-470DF7528635}.Debug|x86.ActiveCfg = Debug|Win32
		{5D1A1493-E767-4BDF-A059-470DF7528635}.Debug|x86.Build.0 = Debug|Win32
		{5D1A1493-E767-4BDF-A059-470DF7528635}.Release|x64.ActiveCfg = Release|x64
		{5D1A1493-E767-4BDF-A059-470DF7528635}.Release|x64.Build.0 = Release|x64
		{5D1A1493-E767-4BDF-A059-470DF7528635}.Release|x86.ActiveCfg = Release|Win32
		{5D1A1493-E767-4BDF-A059-470DF7528635}.Release|x86.Build.0 = Release|Win32
		{E2567FA0-BEE8-49D6-B27E-A1EC0CAE2F99}.Debug|x64.ActiveCfg = Debug|x64
		{E2567FA0-BEE8-49D6-B27E-A1EC0CAE2F99}.Debug|x64.Build.0 = Debug|x64
		{E2567FA0-BEE8-49D6-B27E-A1EC0CAE2F99}.Debug|x86.ActiveCfg = Debug|Win32
		{E2567FA0-BEE8-49D6-B27E-A1EC0CAE2F99}.Debug|x86.Build.0 = Debug|Win32
		{E2567FA0-BEE8-49D6-B27E-A1EC0CAE2F99}.Release|x64.ActiveCfg = Release|x64
		{E2567FA0-BEE8-49D6-B27E-A1EC0CAE2F99}.Release|x64.Build.0 = Release|x64
		{E2567FA0-BEE8-49D6-B27E-A1EC0CAE2F99}.Release|x86.ActiveCfg = Release|Win32
		{E2567FA0-BEE8-49D6-B27E-A1EC0CAE2F99}.Release|x86.Build.0 = Release|Win32
		{A26345EA-CB53-4D5E-9F71-31C44B15B4E9}.Debug|x64.ActiveCfg = Debug|x64
		{A26345EA-CB53-4D5E-9F71-31C44B15B4E9}.Debug|x64.Build.0 = Debug|x64
		{A26345EA-CB53-4D5E-9F71-31C44B15B4E9}.Debug|x86.ActiveCfg = Debug|Win32
		{A26345EA-CB53-4D5E-9F71-31C44B15B4E9}.Debug|x86.Build.0 = Debug|Win32
		{A26345EA-CB53-4D5E-9F71-31C44B15B4E9}.Release|x64.ActiveCfg = Release|x64
		{A26345EA-CB53-4D5E-9F71-31C44B15B4E9}.Release|x64.Build.0 = Release|x64
		{A26345EA-CB53-4D5E-9F71-31C44B15B4E9}.Release|x86.ActiveCfg = Release|Win32
		{A26345EA-CB53-4D5E-9F71-31C44B15B4E9}.Release|x86.Build.0 = Release|Win32
		{13AD5127-420C-4775-B078-978FE626C909}.Debug|x64.ActiveCfg = Debug|x64
		{13AD5127-420C-4775-B078-978FE626C909}.Debug|x64.Build.0 = Debug|x64
		{13AD5127-420C-4775-B078-978FE626C909}.Debug|x86.ActiveCfg = Debug|Win32
		{13AD5127-420C-4775-B078-978FE626C909}.Debug|x86.Build.0 = Debug|Win32
		{13AD5127-420C-4775-B078-978FE626C909}.Release|x64.ActiveCfg = Release|x64
		{13AD5127-420C-4775-B078-978FE626C909}.Release|x64.Build.0 = Release|x64
		{13AD5127-420C-4775-B078-978FE626C909}.Release|x86.ActiveCfg = Release|Win32
		{13AD5127-420C-4775-B078-978FE626C909}.Release|x86.Build.0 = Release|Win32
		{535E081C-7A3F-4176-9A5D-25C364DD6257}.Debug|x64.ActiveCfg = Debug|x64
		{535E081C-7A3F-4176-9A5D-25C364DD6257}.Debug|x64.Build.0 = Debug|x64
		{535E081C-7A3F-4176-9A5D-25C364DD6257}.Debug|x86.ActiveCfg = Debug|Win32
		{535E081C-7A3F-4176-9A5D-25C364DD6257}.Debug|x86.Build.0 = Debug|Win32
		{535E081C-7A3F-4176-9A5D-25C364DD6257}.Release|x64.ActiveCfg = Release|x64
		{535E081C-7A3F-4176-9A5D-25C364DD6257}.Release|x64.Build.0 = Release|x64
		{535E081C-7A3F-4176-9A5D-25C364DD6257}.Release|x86.ActiveCfg = Release|Win32
		{535E081C-7A3F-4176-9A5D-25C364DD6257}.Release|x86.Build.0 = Release|Win32
		{D1E5D38F-4A5D-4856-93CB-C8A66A4E9583}.Debug|x64.ActiveCfg = Debug|x64
		{D1E5D38F-4A5D-4856-93CB-C8A66A4E9583}.Debug|x64.Build.0 = Debug|x64
		{D1E5D38F-4A5D-4856-93CB-C8A66A4E9583}.Debug|x86.ActiveCfg = Debug|Win32
		{D1E5D38F-4A5D-4856-93CB-C8A66A4E9583}.Debug|x86.Build.0 = Debug|Win32
		{D1E5D38F-4A5D-4856-93CB-C8A66A4E9583}.Release|x64.ActiveCfg = Release|x64
		{D1E5D38F-4A5D-4856-93CB-C8A66A4E9583}.Release|x64.Build.0 = Release|x64
		{D1E5D38F-4A5D-4856-93CB-C8A66A4E9583}.Release|x86.ActiveCfg = Release|Win32
		{D1E5D38F-4A5D-4856-93CB-C8A66A4E9583}.Release|x86.Build.0 = Release|Win32
		{135AE575-5A13-4868-8F37-9BF6979F9F7E}.Debug|x64.ActiveCfg = Debug|x64
		{135AE575-5A13-4868-8F37-9BF6979F9F7E}.Debug|x64.Build.0 = Debug|x64
		{135AE575-5A13-4868-8F37-9BF6979F9F7E}.Debug|x86.ActiveCfg = Debug|Win32
		{135AE575-5A13-4868-8F37-9BF6979F9F7E}.Debug|x86.Build.0 = Debug|Win32
		{135AE575-5A13-4868-8F37-9BF6979F9F7E}.Release|x64.ActiveCfg = Release|x64
		{135AE575-5A13-4868-8F37-9BF6979F9F7E}.Release|x64.Build.0 = Release|x64
		{135AE575-5A13-4868-8F37-9BF6979F9F7E}.Release|x86.ActiveCfg = Release|Win32
		{135AE575-5A13-4868-8F37-9BF6979F9F7E}.Release|x86.Build.0 = Release|Win32
		{9700E8D0-0503-463E-8593-278171BDEAC3}.Debug|x64.ActiveCfg = Debug|x64
		{9700E8D0-0503-463E-8593-278171BDEAC3}.Debug|x64.Build.0 = Debug|x64
		{9700E8D0-0503-463E-8593-278171BDEAC3}.Debug|x86.ActiveCfg = Debug|Win32
		{9700E8D0-0503-463E-8593-278171BDEAC3}.Debug|x86.Build.0 = Debug|Win32
		{9700E8D0-0503-463E-8593-278171BDEAC3}.Release|x64.ActiveCfg = Release|x64
		{9700E8D0-0503-463E-8593-278171BDEAC3}.Release|x64.Build.0 = Release|x64
		{9700E8D0-0503-463E-8593-278171BDEAC3}.Release|x86.ActiveCfg = Release|Win32
		{9700E8D0-0503-463E-8593-278171BDEAC3}.Release|x86.Build.0 = Release|Win32
		{64098E4B-4E7D-4D84-A4E7-792C5E75E90E}.Debug|x64.ActiveCfg = Debug|x64
		{64098E4B-4E7D-4D84-A4E7-792C5E75E90E}.Debug|x64.Build.0 = Debug|x64
		{64098E4B-4E7D-4D84-A4E7-792C5E75E90E}.Debug|x86.ActiveCfg = Debug|Win32
		{64098E4B-4E7D-4D84-A4E7-792C5E75E90E}.Debug|x86.Build.0 = Debug|Win32
		{64098E4B-4E7D-4D84-A4E7-792C5E75E90E}.Release|x64.ActiveCfg = Release|x64
		{64098E4B-4E7D-4D84-A4E7-792C5E75E90E}.Release|x64.Build.0 = Release|x64
		{64098E4B-4E7D-4D84-A4E7-792C5E75E90E}.Release|x86.ActiveCfg = Release|Win32
		{64098E4B-4E7D-4D84-A4E7-792C5E75E90E}.Release|x86.Build.0 = Release|Win32
		{72572C7B-4FAB-4E1A-9AE9-2FA8EC11908C}.Debug|x64.ActiveCfg = Debug|x64
		{72572C7B-4FAB-4E1A-9AE9-2FA8EC11908C}.Debug|x64.Build.0 = Debug|x64
		{72572C7B-4FAB-4E1A-9AE9-2FA8EC11908C}.Debug|x86.ActiveCfg = Debug|Win32
		{72572C7B-4FAB-4E1A-9AE9-2FA8EC11908C}.Debug|x86.Build.0 = Debug|Win32
		{72572C7B-4FAB-4E1A-9AE9-2FA8EC11908C}.Release|x64.ActiveCfg = Release|x64
		{72572C7B-4FAB-4E1A-9AE9-2FA8EC11908C}.Release|x64.Build.0 = Release|x64
		{72572C7B-4FAB-4E1A-9AE9-2FA8EC11908C}.Release|x86.ActiveCfg = Release|Win32
		{72572C7B-4FAB-4E1A-9AE9-2FA8EC11908C}.Release|x86.Build.0 = Release|Win32
		{35DA1B56-4FC6-4081-91B2-ABF63B12C69A}.Debug|x64.ActiveCfg = Debug|x64
		{35DA1B56-4FC6-4081-91B2-ABF63B12C69A}.Debug|x64.Build.0 = Debug|x64
		{35DA1B56-4FC6-4081-91B2-ABF63B12C69A}.Debug|x86.ActiveCfg = Debug|Win32
		{35DA1B56-4FC6-4081-91B2-ABF63B12C69A}.Debug|x86.Build.0 = Debug|Win32
		{35DA1B56-4FC6-4081-91B2-ABF63B12C69A}.Release|x64.ActiveCfg = Release|x64
		{35DA1B56-4FC6-4081-91B2-ABF63B12C69A}.Release|x64.Build.0 = Release|x64
		{35DA1B56-4FC6-4081-91B2-ABF63B12C69A}.Release|x86.ActiveCfg = Release|Win32
		{35DA1B56-4FC6-4081-91B2-ABF63B12C69A}.Release|x86.Build.0 = Release|Win32
		{1285E410-8C0D-41DD-83B0-ED4709A20821}.Debug|x64.ActiveCfg = Debug|x64
		{1285E410-8C0D-41DD-83B0-ED4709A20821}.Debug|x64.Build.0 = Debug|x64
		{1285E410-8C0D-41DD-83B0-ED4709A20821}.Debug|x86.ActiveCfg = Debug|Win32
		{1285E410-8C0D-41DD-83B0-ED4709A20821}.Debug|x86.Build.0 = Debug|Win32
		{1285E410-8C0D-41DD-83B0-ED4709A20821}.Release|x64.ActiveCfg = Release|x64
		{1285E410-8C0D-41DD-83B0-ED4709A20821}.Release|x64.Build.0 = Release|x64
		{1285E410-8C0D-41DD-83B0-ED4709A20821}.Release|x86.ActiveCfg = Release|Win32
		{1285E410-8C0D-41DD-83B0-ED4709A20821}.Release|x86.Build.0 = Release|Win32
		{6CF61C1C-06C6-4C26-A0A0-92EDBE3A70EA}.Debug|x64.ActiveCfg = Debug|x64
		{6CF61C1C-06C6-4C26-A0A0-92EDBE3A70EA}.Debug|x64.Build.0 = Debug|x64
		{6CF61C1C-06C6-4C26-A0A0-92EDBE3A70EA}.Debug|x86.ActiveCfg = Debug|Win32
		{6CF61C1C-06C6-4C26-A0A0-92EDBE3A70EA}.Debug|x86.Build.0 = Debug|Win32
		{6CF61C1C-06C6-4C26-A0A0-92EDBE3A70EA}.Release|x64.ActiveCfg = Release|x64
		{6CF61C1C-06C6-4C26-A0A0-92EDBE3A70EA}.Release|x64.Build.0 = Release|x64
		{6CF61C1C-06C6-4C26-A0A0-92EDBE3A70EA}.Release|x86.ActiveCfg = Release|Win32
		{6CF61C1C-06C6-4C26-A0A0-92EDBE3A70EA}.Release|x86.Build.0 = Release|Win32
		{2D13A7A8-2CC8-4CE9-BD1D-F0C17E701802}.Debug|x64.ActiveCfg = Debug|x64
		{2D13A7A8-2CC8-4CE9-BD1D-F0C17E701802}.Debug|x64.Build.0 = Debug|x64
		{2D13A7A8-2CC8-4CE9-BD1D-F0C17E701802}.Debug|x86.ActiveCfg = Debug|Win32
		{2D13A7A8-2CC8-4CE9-BD1D-F0C17E701802}.Debug|x86.Build.0 = Debug|Win32
		{2D13A7A8-2CC8-4CE9-BD1D-F0C17E701802}.Release|x64.ActiveCfg = Release|x64
		{2D13A7A8-2CC8-4CE9-BD1D-F0C17E701802}.Release|x64.Build.0 = Release|x64
		{2D13A7A8-2CC8-4CE9-BD1D-F0C17E701802}.Release|x86.ActiveCfg = Release|Win32
		{2D13A7A8-2CC8-4CE9-BD1D-F0C17E701802}.Release|x86.Build.0 = Release|Win32
		{3F7158A5-7D40-4C53-B847-43BA62327BD7}.Debug|x64.ActiveCfg = Debug|x64
		{3F7158A5-7D40-4C53-B847-43BA62327BD7}.Debug|x64.Build.0 = Debug|x64
		{3F7158A5-7D40-4C53-B847-43BA62327BD7}.Debug|x86.ActiveCfg = Debug|Win32
		{3F7158A5-7D40-4C53-B847-43BA62327BD7}.Debug|x86.Build.0 = Debug|Win32
		{3F7158A5-7D40-4C53-B847-43BA62327BD7}.Release|x64.ActiveCfg = Release|x64
		{3F7158A5-7D40-4C53-B847-43BA62327BD7}.Release|x64.Build.0 = Release|x64
		{3F7158A5-7D40-4C53-B847-43BA62327BD7}.Release|x86.ActiveCfg = Release|Win32
		{3F7158A5-7D40-4C53-B847-43BA62327BD7}.Release|x86.Build.0 = Release|Win32
		{95320BAE-97FB-44A6-9547-3EF5976B00CF}.Debug|x64.ActiveCfg = Debug|x64
		{95320BAE-97FB-44A6-9547-3EF5976B00CF}.Debug|x64.Build.0 = Debug|x64
		{95320BAE-97FB-44A6-9547-3EF5976B00CF}.Debug|x86.ActiveCfg = Debug|Win32
		{95320BAE-97FB-44A6-9547-3EF5976B00CF}.Debug|x86.Build.0 = Debug|Win32
		{95320BAE-97FB-44A6-9547-3EF5976B00CF}.Release|x64.ActiveCfg = Release|x64
		{95320BAE-97FB-44A6-9547-3EF5976B00CF}.Release|x64.Build.0 = Release|x64
		{95320BAE-97FB-44A6-9547-3EF5976B00CF}.Release|x86.ActiveCfg = Release|Win32
		{95320BAE-97FB-44A6-9547-3EF5976B00CF}.Release|x86.Build.0 = Release|Win32
		{9934292E-F1BE-41F4-87A5-492B8C3B5A10}.Debug|x64.ActiveCfg = Debug|x64
		{9934292E-F1BE-41F4-87A5-492B8C3B5A10}.Debug|x64.Build.0 = Debug|x64
		{9934292E-F1BE-41F4-87A5-492B8C3B5A10}.Debug|x86.ActiveCfg = Debug|Win32
		{9934292E-F1BE-41F4-87A5-492B8C3B5A10}.Debug|x86.Build.0 = Debug|Win32
		{9934292E-F1BE-41F4-87A5-492B8C3B5A10}.Release|x64.ActiveCfg = Release|x64
		{9934292E-F1BE-41F4-87A5-492B8C3B5A10}.Release|x64.Build.0 = Release|x64
		{9934292E-F1BE-41F4-87A5-492B8C3B5A10}.Release|x86.ActiveCfg = Release|Win32
		{9934292E-F1BE-41F4-87A5-492B8C3B5A10}.Release|x86.Build.0 = Release|Win32
		{49CE5B68-4F26-4B08-AF54-EC724F874938}.Debug|x64.ActiveCfg = Debug|x64
		{49CE5B68-4F26-4B08-AF54-EC724F874938}.Debug|x64.Build.0 = Debug|x64
		{49CE5B68-4F26-4B08-AF54-EC724F874938}.Debug|x86.ActiveCfg = Debug|Win32
		{49CE5B68-4F26-4B08-AF54-EC724F874938}.Debug|x86.Build.0 = Debug|Win32
		{49CE5B68-4F26-4B08-AF54-EC724F874938}.Release|x64.ActiveCfg = Release|x64
		{49CE5B68-4F26-4B08-AF54-EC724F874938}.Release|x64.Build.0 = Release|x64
		{49CE5B68-4F26-4B08-AF54-EC724F874938}.Release|x86.ActiveCfg = Release|Win32
		{49CE5B68-4F26-4B08-AF54-EC724F874938}.Release|x86.Build.0 = Release|Win32
		{1C88F550-0AE3-4A83-9AE7-26731B931E40}.Debug|x64.ActiveCfg = Debug|x64
		{1C88F550-0AE3-4A83-9AE7-26731B931E40}.Debug|x64.Build.0 = Debug|x64
		{1C88F550-0AE3-4A83-9AE7-26731B931E40}.Debug|x86.ActiveCfg = Debug|Win32
		{1C88F550-0AE3-4A83-9AE7-26731B931E40}.Debug|x86.Build.0 = Debug|Win32
		{1C88F550-0AE3-4A83-9AE7-26731B931E40}.Release|x64.ActiveCfg = Release|x64
		{1C88F550-0AE3-4A83-9AE7-26731B931E40}.Release|x64.Build.0 = Release|x64
		{1C88F550-0AE3-4A83-9AE7-26731B931E40}.Release|x86.ActiveCfg = Release|Win32
		{1C88F550-0AE3-4A83-9AE7-26731B931E40}.Release|x86.Build.0 = Release|Win32
		{8A9C7996-A6B8-424C-88C8-BA24E70A87BD}.Debug|x64.ActiveCfg = Debug|x64
		{8A9C7996-A6B8-424C-88C8-BA24E70A87BD}.Debug|x64.Build.0 = Debug|x64
		{8A9C7996-A6B8-424C-88C8-BA24E70A87BD}.Debug|x86.ActiveCfg = Debug|Win32
		{8A9C7996-A6B8-424C-88C8-BA24E70A87BD}.Debug|x86.Build.0 = Debug|Win32
		{8A9C7996-A6B8-424C-88C8-BA24E70A87BD}.Release|x64.ActiveCfg = Release|x64
		{8A9C7996-A6B8-424C-88C8-BA24E70A87BD}.Release|x64.Build.0 = Release|x64
		{8A9C7996-A6B8-424C-88C8-BA24E70A87BD}.Release|x86.ActiveCfg = Release|Win32
		{8A9C7996-A6B8-424C-88C8-BA24E70A87BD}.Release|x86.Build.0 = Release|Win32
		{D38A34D1-E698-4D2B-B6C8-F8A6C6791049}.Debug|x64.ActiveCfg = Debug|x64
		{D38A34D1-E698-4D2B-B6C8-F8A6C6791049}.Debug|x64.Build.0 = Debug|x64
		{D38A34D1-E698-4D2B-B6C8-F8A6C6791049}.Debug|x86.ActiveCfg = Debug|Win32
		{D38A34D1-E698-4D2B-B6C8-F8A6C6791049}.Debug|x86.Build.0 = Debug|Win32
		{D38A34D1-E698-4D2B-B6C8-F8A6C6791049}.Release|x64.ActiveCfg = Release|x64
		{D38A34D1-E698-4D2B-B6C8-F8A6C6791049}.Release|x64.Build.0 = Release|x64
		{D38A34D1-E698-4D2B-B6C8-F8A6C6791049}.Release|x86.ActiveCfg = Release|Win32
		{D38A34D1-E698-4D2B-B6C8-F8A6C6791049}.Release|x86.Build.0 = Release|Win32
		{41E3BAF4-E716-4A50-9B1C-7999D43D3B2D}.Debug|x64.ActiveCfg = Debug|x64
		{41E3BAF4-E716-4A50-9B1C-7999D43D3B2D}.Debug|x64.Build.0 = Debug|x64
		{41E3BAF4-E716-4A50-9B1C-7999D43D3B2D}.Debug|x86.ActiveCfg = Debug|Win32
		{41E3BAF4-E716-4A50-9B1C-7999D43D3B2D}.Debug|x86.Build.0 = Debug|Win32
		{41E3BAF4-E716-4A50-9B1C-7999D43D3B2D}.Release|x64.ActiveCfg = Release|x64
		{41E3BAF4-E716-4A50-9B1C-7999D43D3B2D}.Release|x64.Build.0 = Release|x64
		{41E3BAF4-E716-4A50-9B1C-7999D43D3B2D}.Release|x86.ActiveCfg = Release|Win32
		{41E3BAF4-E716-4A50-9B1C-7999D43D3B2D}.Release|x86.Build.0 = Release|Win32
		{022AB12F-0544-48C2-BA54-8ED42FDC1F8C}.Debug|x64.ActiveCfg = Debug|x64
		{022AB12F-0544-48C2-BA54-8ED42FDC1F8C}.Debug|x64.Build.0 = Debug|x64
		{022AB12F-0544-48C2-BA54-8ED42FDC1F8C}.Debug|x86.ActiveCfg = Debug|Win32
		{022AB12F-0544-48C2-BA54-8ED42FDC1F8C}.Debug|x86.Build.0 = Debug|Win32
		{022AB12F-0544-48C2-BA54-8ED42FDC1F8C}.Release|x64.ActiveCfg = Release|x64
		{022AB12F-0544-48C2-BA54-8ED42FDC1F8C}.Release|x64.Build.0 = Release|x64
		{022AB12F-0544-48C2-BA54-8ED42FDC1F8C}.Release|x86.ActiveCfg = Release|Win32
		{022AB12F-0544-48C2-BA54-8ED42FDC1F8C}.Release|x86.Build.0 = Release|Win32
		{75837A04-4F4C-4EB6-91DC-2C5F0E474C16}.Debug|x64.ActiveCfg = Debug|x64
		{75837A04-4F4C-4EB6-91DC-2C5F0E474C16}.Debug|x64.Build.0 = Debug|x64
		{75837A04-4F4C-4EB6-91DC-2C5F0E474C16}.Debug|x86.ActiveCfg = Debug|Win32
		{75837A04-4F4C-4EB6-91DC-2C5F0E474C16}.Debug|x86.Build.0 = Debug|Win32
		{75837A04-4F4C-4EB6-91DC-2C5F0E474C16}.Release|x64.ActiveCfg = Release|x64
		{75837A04-4F4C-4EB6-91DC-2C5F0E474C16}.Release|x64.Build.0 = Release|x64
		{75837A04-4F4C-4EB6-91DC-2C5F0E474C16}.Release|x86.ActiveCfg = Release|Win32
		{75837A04-4F4C-4EB6-91DC-2C5F0E474C16}.Release|x86.Build.0 = Release|Win32
	EndGlobalSection
	GlobalSection(SolutionProperties) = preSolution
		HideSolutionNode = FALSE
	EndGlobalSection
	GlobalSection(ExtensibilityGlobals) = postSolution
		SolutionGuid = {4AAD0F1A-597E-430D-BF8C-0930B4B39F8E}
	EndGlobalSection
EndGlobal
